// !$*UTF8*$!
{
	archiveVersion = 1;
	classes = {
	};
	objectVersion = 46;
	objects = {

/* Begin PBXBuildFile section */
		B1196DAE196EA08900806EB8 /* FHCHTTPAccess.swift in Sources */ = {isa = PBXBuildFile; fileRef = B1196DAD196EA08900806EB8 /* FHCHTTPAccess.swift */; };
		B12681B2193B7024004CFA09 /* Foundation.framework in Frameworks */ = {isa = PBXBuildFile; fileRef = B12681B1193B7024004CFA09 /* Foundation.framework */; };
		B12681B4193B7025004CFA09 /* CoreGraphics.framework in Frameworks */ = {isa = PBXBuildFile; fileRef = B12681B3193B7025004CFA09 /* CoreGraphics.framework */; };
		B12681B6193B7025004CFA09 /* UIKit.framework in Frameworks */ = {isa = PBXBuildFile; fileRef = B12681B5193B7025004CFA09 /* UIKit.framework */; };
		B12681BC193B7025004CFA09 /* InfoPlist.strings in Resources */ = {isa = PBXBuildFile; fileRef = B12681BA193B7025004CFA09 /* InfoPlist.strings */; };
		B12681C5193B7025004CFA09 /* Main.storyboard in Resources */ = {isa = PBXBuildFile; fileRef = B12681C3193B7025004CFA09 /* Main.storyboard */; };
		B12681CD193B7025004CFA09 /* Images.xcassets in Resources */ = {isa = PBXBuildFile; fileRef = B12681CC193B7025004CFA09 /* Images.xcassets */; };
		B12681D4193B7025004CFA09 /* XCTest.framework in Frameworks */ = {isa = PBXBuildFile; fileRef = B12681D3193B7025004CFA09 /* XCTest.framework */; };
		B12681D5193B7025004CFA09 /* Foundation.framework in Frameworks */ = {isa = PBXBuildFile; fileRef = B12681B1193B7024004CFA09 /* Foundation.framework */; };
		B12681D6193B7025004CFA09 /* UIKit.framework in Frameworks */ = {isa = PBXBuildFile; fileRef = B12681B5193B7025004CFA09 /* UIKit.framework */; };
		B12681DE193B7025004CFA09 /* InfoPlist.strings in Resources */ = {isa = PBXBuildFile; fileRef = B12681DC193B7025004CFA09 /* InfoPlist.strings */; };
		B12681E0193B7025004CFA09 /* fhccTests.m in Sources */ = {isa = PBXBuildFile; fileRef = B12681DF193B7025004CFA09 /* fhccTests.m */; };
		B12681EA193B710C004CFA09 /* SystemConfiguration.framework in Frameworks */ = {isa = PBXBuildFile; fileRef = B12681E9193B710C004CFA09 /* SystemConfiguration.framework */; };
		B130279A196401E400178FA0 /* Reachability.m in Sources */ = {isa = PBXBuildFile; fileRef = B1302799196401E400178FA0 /* Reachability.m */; };
		B130279E1967E7CD00178FA0 /* CoreLocation.framework in Frameworks */ = {isa = PBXBuildFile; fileRef = B130279D1967E7CD00178FA0 /* CoreLocation.framework */; };
		B1492F2719714D7500CA4B36 /* FHCStatus.xcdatamodeld in Sources */ = {isa = PBXBuildFile; fileRef = B1492F2519714D7500CA4B36 /* FHCStatus.xcdatamodeld */; };
		B174FE25195AF54800B08D90 /* FHCState.swift in Sources */ = {isa = PBXBuildFile; fileRef = B174FE24195AF54800B08D90 /* FHCState.swift */; };
		B186F98219758EEA00E6DDFB /* State.swift in Sources */ = {isa = PBXBuildFile; fileRef = B186F98119758EEA00E6DDFB /* State.swift */; };
		B1B38482197C1F1500FFF5BA /* Convenience.swift in Sources */ = {isa = PBXBuildFile; fileRef = B1B38481197C1F1500FFF5BA /* Convenience.swift */; };
		B1CC6F771955993F00CCB4E4 /* FHCCActionViewController.swift in Sources */ = {isa = PBXBuildFile; fileRef = B1CC6F761955993F00CCB4E4 /* FHCCActionViewController.swift */; };
		B1CC6F791956F07100CCB4E4 /* FHCCPickerViewController.swift in Sources */ = {isa = PBXBuildFile; fileRef = B1CC6F781956F07100CCB4E4 /* FHCCPickerViewController.swift */; };
		B1CC6F7B1958635C00CCB4E4 /* FHCCAppDelegate.swift in Sources */ = {isa = PBXBuildFile; fileRef = B1CC6F7A1958635C00CCB4E4 /* FHCCAppDelegate.swift */; };
		B1CC6F7D19586B4000CCB4E4 /* FHCCStatusViewController.swift in Sources */ = {isa = PBXBuildFile; fileRef = B1CC6F7C19586B4000CCB4E4 /* FHCCStatusViewController.swift */; };
		B1CC6F7F19586C2700CCB4E4 /* FHCCSettingViewController.swift in Sources */ = {isa = PBXBuildFile; fileRef = B1CC6F7E19586C2700CCB4E4 /* FHCCSettingViewController.swift */; };
		B1D39F0719BDA7370027BE7B /* json.swift in Sources */ = {isa = PBXBuildFile; fileRef = B1D39F0619BDA7370027BE7B /* json.swift */; };
		B1D39F0A19BDF64E0027BE7B /* exceptionHandler.m in Sources */ = {isa = PBXBuildFile; fileRef = B1D39F0919BDF64E0027BE7B /* exceptionHandler.m */; };
/* End PBXBuildFile section */

/* Begin PBXContainerItemProxy section */
		B12681D7193B7025004CFA09 /* PBXContainerItemProxy */ = {
			isa = PBXContainerItemProxy;
			containerPortal = B12681A6193B7024004CFA09 /* Project object */;
			proxyType = 1;
			remoteGlobalIDString = B12681AD193B7024004CFA09;
			remoteInfo = fhcc;
		};
/* End PBXContainerItemProxy section */

/* Begin PBXFileReference section */
		B1196DAD196EA08900806EB8 /* FHCHTTPAccess.swift */ = {isa = PBXFileReference; fileEncoding = 4; lastKnownFileType = sourcecode.swift; path = FHCHTTPAccess.swift; sourceTree = "<group>"; };
		B12681AE193B7024004CFA09 /* fhcc.app */ = {isa = PBXFileReference; explicitFileType = wrapper.application; includeInIndex = 0; path = fhcc.app; sourceTree = BUILT_PRODUCTS_DIR; };
		B12681B1193B7024004CFA09 /* Foundation.framework */ = {isa = PBXFileReference; lastKnownFileType = wrapper.framework; name = Foundation.framework; path = System/Library/Frameworks/Foundation.framework; sourceTree = SDKROOT; };
		B12681B3193B7025004CFA09 /* CoreGraphics.framework */ = {isa = PBXFileReference; lastKnownFileType = wrapper.framework; name = CoreGraphics.framework; path = System/Library/Frameworks/CoreGraphics.framework; sourceTree = SDKROOT; };
		B12681B5193B7025004CFA09 /* UIKit.framework */ = {isa = PBXFileReference; lastKnownFileType = wrapper.framework; name = UIKit.framework; path = System/Library/Frameworks/UIKit.framework; sourceTree = SDKROOT; };
		B12681B9193B7025004CFA09 /* fhcc-Info.plist */ = {isa = PBXFileReference; lastKnownFileType = text.plist.xml; path = "fhcc-Info.plist"; sourceTree = "<group>"; };
		B12681BB193B7025004CFA09 /* en */ = {isa = PBXFileReference; lastKnownFileType = text.plist.strings; name = en; path = en.lproj/InfoPlist.strings; sourceTree = "<group>"; };
		B12681C4193B7025004CFA09 /* Base */ = {isa = PBXFileReference; lastKnownFileType = file.storyboard; name = Base; path = Base.lproj/Main.storyboard; sourceTree = "<group>"; };
		B12681CC193B7025004CFA09 /* Images.xcassets */ = {isa = PBXFileReference; lastKnownFileType = folder.assetcatalog; path = Images.xcassets; sourceTree = "<group>"; };
		B12681D2193B7025004CFA09 /* fhccTests.xctest */ = {isa = PBXFileReference; explicitFileType = wrapper.cfbundle; includeInIndex = 0; path = fhccTests.xctest; sourceTree = BUILT_PRODUCTS_DIR; };
		B12681D3193B7025004CFA09 /* XCTest.framework */ = {isa = PBXFileReference; lastKnownFileType = wrapper.framework; name = XCTest.framework; path = Library/Frameworks/XCTest.framework; sourceTree = DEVELOPER_DIR; };
		B12681DB193B7025004CFA09 /* fhccTests-Info.plist */ = {isa = PBXFileReference; lastKnownFileType = text.plist.xml; path = "fhccTests-Info.plist"; sourceTree = "<group>"; };
		B12681DD193B7025004CFA09 /* en */ = {isa = PBXFileReference; lastKnownFileType = text.plist.strings; name = en; path = en.lproj/InfoPlist.strings; sourceTree = "<group>"; };
		B12681DF193B7025004CFA09 /* fhccTests.m */ = {isa = PBXFileReference; lastKnownFileType = sourcecode.c.objc; path = fhccTests.m; sourceTree = "<group>"; };
		B12681E9193B710C004CFA09 /* SystemConfiguration.framework */ = {isa = PBXFileReference; lastKnownFileType = wrapper.framework; name = SystemConfiguration.framework; path = System/Library/Frameworks/SystemConfiguration.framework; sourceTree = SDKROOT; };
		B1302798196401E400178FA0 /* Reachability.h */ = {isa = PBXFileReference; fileEncoding = 4; lastKnownFileType = sourcecode.c.h; path = Reachability.h; sourceTree = "<group>"; };
		B1302799196401E400178FA0 /* Reachability.m */ = {isa = PBXFileReference; fileEncoding = 4; lastKnownFileType = sourcecode.c.objc; path = Reachability.m; sourceTree = "<group>"; };
		B130279D1967E7CD00178FA0 /* CoreLocation.framework */ = {isa = PBXFileReference; lastKnownFileType = wrapper.framework; name = CoreLocation.framework; path = System/Library/Frameworks/CoreLocation.framework; sourceTree = SDKROOT; };
		B1492F2619714D7500CA4B36 /* FHCStatus.xcdatamodel */ = {isa = PBXFileReference; lastKnownFileType = wrapper.xcdatamodel; path = FHCStatus.xcdatamodel; sourceTree = "<group>"; };
		B174FE24195AF54800B08D90 /* FHCState.swift */ = {isa = PBXFileReference; fileEncoding = 4; lastKnownFileType = sourcecode.swift; path = FHCState.swift; sourceTree = "<group>"; };
		B174FEAC1962E15B00B08D90 /* fhcc-Bridging-Header.h */ = {isa = PBXFileReference; fileEncoding = 4; lastKnownFileType = sourcecode.c.h; path = "fhcc-Bridging-Header.h"; sourceTree = SOURCE_ROOT; };
		B186F98119758EEA00E6DDFB /* State.swift */ = {isa = PBXFileReference; fileEncoding = 4; lastKnownFileType = sourcecode.swift; path = State.swift; sourceTree = "<group>"; };
		B1B38481197C1F1500FFF5BA /* Convenience.swift */ = {isa = PBXFileReference; fileEncoding = 4; lastKnownFileType = sourcecode.swift; path = Convenience.swift; sourceTree = "<group>"; };
		B1CC6F761955993F00CCB4E4 /* FHCCActionViewController.swift */ = {isa = PBXFileReference; fileEncoding = 4; lastKnownFileType = sourcecode.swift; path = FHCCActionViewController.swift; sourceTree = "<group>"; };
		B1CC6F781956F07100CCB4E4 /* FHCCPickerViewController.swift */ = {isa = PBXFileReference; fileEncoding = 4; lastKnownFileType = sourcecode.swift; path = FHCCPickerViewController.swift; sourceTree = "<group>"; };
		B1CC6F7A1958635C00CCB4E4 /* FHCCAppDelegate.swift */ = {isa = PBXFileReference; fileEncoding = 4; lastKnownFileType = sourcecode.swift; path = FHCCAppDelegate.swift; sourceTree = "<group>"; };
		B1CC6F7C19586B4000CCB4E4 /* FHCCStatusViewController.swift */ = {isa = PBXFileReference; fileEncoding = 4; lastKnownFileType = sourcecode.swift; path = FHCCStatusViewController.swift; sourceTree = "<group>"; };
		B1CC6F7E19586C2700CCB4E4 /* FHCCSettingViewController.swift */ = {isa = PBXFileReference; fileEncoding = 4; lastKnownFileType = sourcecode.swift; path = FHCCSettingViewController.swift; sourceTree = "<group>"; };
		B1D39F0619BDA7370027BE7B /* json.swift */ = {isa = PBXFileReference; fileEncoding = 4; lastKnownFileType = sourcecode.swift; name = json.swift; path = "swift-json/json.swift"; sourceTree = "<group>"; };
		B1D39F0819BDF6040027BE7B /* exceptionHandler.h */ = {isa = PBXFileReference; lastKnownFileType = sourcecode.c.h; path = exceptionHandler.h; sourceTree = "<group>"; };
		B1D39F0919BDF64E0027BE7B /* exceptionHandler.m */ = {isa = PBXFileReference; fileEncoding = 4; lastKnownFileType = sourcecode.c.objc; path = exceptionHandler.m; sourceTree = "<group>"; };
/* End PBXFileReference section */

/* Begin PBXFrameworksBuildPhase section */
		B12681AB193B7024004CFA09 /* Frameworks */ = {
			isa = PBXFrameworksBuildPhase;
			buildActionMask = 2147483647;
			files = (
				B130279E1967E7CD00178FA0 /* CoreLocation.framework in Frameworks */,
				B12681EA193B710C004CFA09 /* SystemConfiguration.framework in Frameworks */,
				B12681B4193B7025004CFA09 /* CoreGraphics.framework in Frameworks */,
				B12681B6193B7025004CFA09 /* UIKit.framework in Frameworks */,
				B12681B2193B7024004CFA09 /* Foundation.framework in Frameworks */,
			);
			runOnlyForDeploymentPostprocessing = 0;
		};
		B12681CF193B7025004CFA09 /* Frameworks */ = {
			isa = PBXFrameworksBuildPhase;
			buildActionMask = 2147483647;
			files = (
				B12681D4193B7025004CFA09 /* XCTest.framework in Frameworks */,
				B12681D6193B7025004CFA09 /* UIKit.framework in Frameworks */,
				B12681D5193B7025004CFA09 /* Foundation.framework in Frameworks */,
			);
			runOnlyForDeploymentPostprocessing = 0;
		};
/* End PBXFrameworksBuildPhase section */

/* Begin PBXGroup section */
		B12681A5193B7024004CFA09 = {
			isa = PBXGroup;
			children = (
				B1D39F0519BDA7260027BE7B /* swift-json */,
				B174FEAC1962E15B00B08D90 /* fhcc-Bridging-Header.h */,
				B12681B7193B7025004CFA09 /* fhcc */,
				B12681D9193B7025004CFA09 /* fhccTests */,
				B12681B0193B7024004CFA09 /* Frameworks */,
				B12681AF193B7024004CFA09 /* Products */,
			);
			sourceTree = "<group>";
		};
		B12681AF193B7024004CFA09 /* Products */ = {
			isa = PBXGroup;
			children = (
				B12681AE193B7024004CFA09 /* fhcc.app */,
				B12681D2193B7025004CFA09 /* fhccTests.xctest */,
			);
			name = Products;
			sourceTree = "<group>";
		};
		B12681B0193B7024004CFA09 /* Frameworks */ = {
			isa = PBXGroup;
			children = (
				B130279D1967E7CD00178FA0 /* CoreLocation.framework */,
				B12681E9193B710C004CFA09 /* SystemConfiguration.framework */,
				B12681B1193B7024004CFA09 /* Foundation.framework */,
				B12681B3193B7025004CFA09 /* CoreGraphics.framework */,
				B12681B5193B7025004CFA09 /* UIKit.framework */,
				B12681D3193B7025004CFA09 /* XCTest.framework */,
			);
			name = Frameworks;
			sourceTree = "<group>";
		};
		B12681B7193B7025004CFA09 /* fhcc */ = {
			isa = PBXGroup;
			children = (
				B12681C3193B7025004CFA09 /* Main.storyboard */,
				B1B38481197C1F1500FFF5BA /* Convenience.swift */,
				B1302798196401E400178FA0 /* Reachability.h */,
				B1302799196401E400178FA0 /* Reachability.m */,
				B174FE24195AF54800B08D90 /* FHCState.swift */,
				B186F98119758EEA00E6DDFB /* State.swift */,
				B1CC6F7A1958635C00CCB4E4 /* FHCCAppDelegate.swift */,
				B1CC6F7C19586B4000CCB4E4 /* FHCCStatusViewController.swift */,
				B1CC6F761955993F00CCB4E4 /* FHCCActionViewController.swift */,
				B1CC6F7E19586C2700CCB4E4 /* FHCCSettingViewController.swift */,
				B1CC6F781956F07100CCB4E4 /* FHCCPickerViewController.swift */,
				B1196DAD196EA08900806EB8 /* FHCHTTPAccess.swift */,
				B12681CC193B7025004CFA09 /* Images.xcassets */,
				B12681B8193B7025004CFA09 /* Supporting Files */,
				B1D39F0819BDF6040027BE7B /* exceptionHandler.h */,
				B1D39F0919BDF64E0027BE7B /* exceptionHandler.m */,
			);
			path = fhcc;
			sourceTree = "<group>";
		};
		B12681B8193B7025004CFA09 /* Supporting Files */ = {
			isa = PBXGroup;
			children = (
				B12681B9193B7025004CFA09 /* fhcc-Info.plist */,
				B12681BA193B7025004CFA09 /* InfoPlist.strings */,
				B1492F2519714D7500CA4B36 /* FHCStatus.xcdatamodeld */,
			);
			name = "Supporting Files";
			sourceTree = "<group>";
		};
		B12681D9193B7025004CFA09 /* fhccTests */ = {
			isa = PBXGroup;
			children = (
				B12681DF193B7025004CFA09 /* fhccTests.m */,
				B12681DA193B7025004CFA09 /* Supporting Files */,
			);
			path = fhccTests;
			sourceTree = "<group>";
		};
		B12681DA193B7025004CFA09 /* Supporting Files */ = {
			isa = PBXGroup;
			children = (
				B12681DB193B7025004CFA09 /* fhccTests-Info.plist */,
				B12681DC193B7025004CFA09 /* InfoPlist.strings */,
			);
			name = "Supporting Files";
			sourceTree = "<group>";
		};
		B1D39F0519BDA7260027BE7B /* swift-json */ = {
			isa = PBXGroup;
			children = (
				B1D39F0619BDA7370027BE7B /* json.swift */,
			);
			name = "swift-json";
			sourceTree = "<group>";
		};
/* End PBXGroup section */

/* Begin PBXNativeTarget section */
		B12681AD193B7024004CFA09 /* fhcc */ = {
			isa = PBXNativeTarget;
			buildConfigurationList = B12681E3193B7025004CFA09 /* Build configuration list for PBXNativeTarget "fhcc" */;
			buildPhases = (
				B12681AA193B7024004CFA09 /* Sources */,
				B12681AB193B7024004CFA09 /* Frameworks */,
				B12681AC193B7024004CFA09 /* Resources */,
			);
			buildRules = (
			);
			dependencies = (
			);
			name = fhcc;
			productName = fhcc;
			productReference = B12681AE193B7024004CFA09 /* fhcc.app */;
			productType = "com.apple.product-type.application";
		};
		B12681D1193B7025004CFA09 /* fhccTests */ = {
			isa = PBXNativeTarget;
			buildConfigurationList = B12681E6193B7025004CFA09 /* Build configuration list for PBXNativeTarget "fhccTests" */;
			buildPhases = (
				B12681CE193B7025004CFA09 /* Sources */,
				B12681CF193B7025004CFA09 /* Frameworks */,
				B12681D0193B7025004CFA09 /* Resources */,
			);
			buildRules = (
			);
			dependencies = (
				B12681D8193B7025004CFA09 /* PBXTargetDependency */,
			);
			name = fhccTests;
			productName = fhccTests;
			productReference = B12681D2193B7025004CFA09 /* fhccTests.xctest */;
			productType = "com.apple.product-type.bundle.unit-test";
		};
/* End PBXNativeTarget section */

/* Begin PBXProject section */
		B12681A6193B7024004CFA09 /* Project object */ = {
			isa = PBXProject;
			attributes = {
				CLASSPREFIX = FHCC;
				LastUpgradeCheck = 0510;
				ORGANIZATIONNAME = "Fukuzawa Technology";
				TargetAttributes = {
					B12681AD193B7024004CFA09 = {
						DevelopmentTeam = 5JD7M8RHST;
						SystemCapabilities = {
							com.apple.BackgroundModes = {
								enabled = 1;
							};
							com.apple.Maps.iOS = {
								enabled = 0;
							};
						};
					};
					B12681D1193B7025004CFA09 = {
						TestTargetID = B12681AD193B7024004CFA09;
					};
				};
			};
			buildConfigurationList = B12681A9193B7024004CFA09 /* Build configuration list for PBXProject "fhcc" */;
			compatibilityVersion = "Xcode 3.2";
			developmentRegion = English;
			hasScannedForEncodings = 0;
			knownRegions = (
				en,
				Base,
			);
			mainGroup = B12681A5193B7024004CFA09;
			productRefGroup = B12681AF193B7024004CFA09 /* Products */;
			projectDirPath = "";
			projectRoot = "";
			targets = (
				B12681AD193B7024004CFA09 /* fhcc */,
				B12681D1193B7025004CFA09 /* fhccTests */,
			);
		};
/* End PBXProject section */

/* Begin PBXResourcesBuildPhase section */
		B12681AC193B7024004CFA09 /* Resources */ = {
			isa = PBXResourcesBuildPhase;
			buildActionMask = 2147483647;
			files = (
				B12681CD193B7025004CFA09 /* Images.xcassets in Resources */,
				B12681BC193B7025004CFA09 /* InfoPlist.strings in Resources */,
				B12681C5193B7025004CFA09 /* Main.storyboard in Resources */,
			);
			runOnlyForDeploymentPostprocessing = 0;
		};
		B12681D0193B7025004CFA09 /* Resources */ = {
			isa = PBXResourcesBuildPhase;
			buildActionMask = 2147483647;
			files = (
				B12681DE193B7025004CFA09 /* InfoPlist.strings in Resources */,
			);
			runOnlyForDeploymentPostprocessing = 0;
		};
/* End PBXResourcesBuildPhase section */

/* Begin PBXSourcesBuildPhase section */
		B12681AA193B7024004CFA09 /* Sources */ = {
			isa = PBXSourcesBuildPhase;
			buildActionMask = 2147483647;
			files = (
				B1492F2719714D7500CA4B36 /* FHCStatus.xcdatamodeld in Sources */,
				B1CC6F7F19586C2700CCB4E4 /* FHCCSettingViewController.swift in Sources */,
				B1196DAE196EA08900806EB8 /* FHCHTTPAccess.swift in Sources */,
				B1D39F0719BDA7370027BE7B /* json.swift in Sources */,
				B186F98219758EEA00E6DDFB /* State.swift in Sources */,
				B1CC6F7B1958635C00CCB4E4 /* FHCCAppDelegate.swift in Sources */,
				B1CC6F791956F07100CCB4E4 /* FHCCPickerViewController.swift in Sources */,
				B130279A196401E400178FA0 /* Reachability.m in Sources */,
				B1B38482197C1F1500FFF5BA /* Convenience.swift in Sources */,
				B1CC6F771955993F00CCB4E4 /* FHCCActionViewController.swift in Sources */,
				B1D39F0A19BDF64E0027BE7B /* exceptionHandler.m in Sources */,
				B1CC6F7D19586B4000CCB4E4 /* FHCCStatusViewController.swift in Sources */,
				B174FE25195AF54800B08D90 /* FHCState.swift in Sources */,
			);
			runOnlyForDeploymentPostprocessing = 0;
		};
		B12681CE193B7025004CFA09 /* Sources */ = {
			isa = PBXSourcesBuildPhase;
			buildActionMask = 2147483647;
			files = (
				B12681E0193B7025004CFA09 /* fhccTests.m in Sources */,
			);
			runOnlyForDeploymentPostprocessing = 0;
		};
/* End PBXSourcesBuildPhase section */

/* Begin PBXTargetDependency section */
		B12681D8193B7025004CFA09 /* PBXTargetDependency */ = {
			isa = PBXTargetDependency;
			target = B12681AD193B7024004CFA09 /* fhcc */;
			targetProxy = B12681D7193B7025004CFA09 /* PBXContainerItemProxy */;
		};
/* End PBXTargetDependency section */

/* Begin PBXVariantGroup section */
		B12681BA193B7025004CFA09 /* InfoPlist.strings */ = {
			isa = PBXVariantGroup;
			children = (
				B12681BB193B7025004CFA09 /* en */,
			);
			name = InfoPlist.strings;
			sourceTree = "<group>";
		};
		B12681C3193B7025004CFA09 /* Main.storyboard */ = {
			isa = PBXVariantGroup;
			children = (
				B12681C4193B7025004CFA09 /* Base */,
			);
			name = Main.storyboard;
			sourceTree = "<group>";
		};
		B12681DC193B7025004CFA09 /* InfoPlist.strings */ = {
			isa = PBXVariantGroup;
			children = (
				B12681DD193B7025004CFA09 /* en */,
			);
			name = InfoPlist.strings;
			sourceTree = "<group>";
		};
/* End PBXVariantGroup section */

/* Begin XCBuildConfiguration section */
		B12681E1193B7025004CFA09 /* Debug */ = {
			isa = XCBuildConfiguration;
			buildSettings = {
				ALWAYS_SEARCH_USER_PATHS = NO;
				CLANG_CXX_LANGUAGE_STANDARD = "gnu++0x";
				CLANG_CXX_LIBRARY = "libc++";
				CLANG_ENABLE_MODULES = YES;
				CLANG_ENABLE_OBJC_ARC = YES;
				CLANG_WARN_BOOL_CONVERSION = YES;
				CLANG_WARN_CONSTANT_CONVERSION = YES;
				CLANG_WARN_DIRECT_OBJC_ISA_USAGE = YES_ERROR;
				CLANG_WARN_EMPTY_BODY = YES;
				CLANG_WARN_ENUM_CONVERSION = YES;
				CLANG_WARN_INT_CONVERSION = YES;
				CLANG_WARN_OBJC_ROOT_CLASS = YES_ERROR;
				CLANG_WARN__DUPLICATE_METHOD_MATCH = YES;
				"CODE_SIGN_IDENTITY[sdk=iphoneos*]" = "iPhone Developer";
				COPY_PHASE_STRIP = NO;
				GCC_C_LANGUAGE_STANDARD = gnu99;
				GCC_DYNAMIC_NO_PIC = NO;
				GCC_OPTIMIZATION_LEVEL = 0;
				GCC_PREPROCESSOR_DEFINITIONS = (
					"DEBUG=1",
					"$(inherited)",
				);
				GCC_SYMBOLS_PRIVATE_EXTERN = NO;
				GCC_WARN_64_TO_32_BIT_CONVERSION = YES;
				GCC_WARN_ABOUT_RETURN_TYPE = YES_ERROR;
				GCC_WARN_UNDECLARED_SELECTOR = YES;
				GCC_WARN_UNINITIALIZED_AUTOS = YES_AGGRESSIVE;
				GCC_WARN_UNUSED_FUNCTION = YES;
				GCC_WARN_UNUSED_VARIABLE = YES;
				IPHONEOS_DEPLOYMENT_TARGET = 8.0;
				ONLY_ACTIVE_ARCH = YES;
				OTHER_LDFLAGS = "";
				OTHER_SWIFT_FLAGS = "";
				SDKROOT = iphoneos;
				SWIFT_INCLUDE_PATHS = "";
			};
			name = Debug;
		};
		B12681E2193B7025004CFA09 /* Release */ = {
			isa = XCBuildConfiguration;
			buildSettings = {
				ALWAYS_SEARCH_USER_PATHS = NO;
				CLANG_CXX_LANGUAGE_STANDARD = "gnu++0x";
				CLANG_CXX_LIBRARY = "libc++";
				CLANG_ENABLE_MODULES = YES;
				CLANG_ENABLE_OBJC_ARC = YES;
				CLANG_WARN_BOOL_CONVERSION = YES;
				CLANG_WARN_CONSTANT_CONVERSION = YES;
				CLANG_WARN_DIRECT_OBJC_ISA_USAGE = YES_ERROR;
				CLANG_WARN_EMPTY_BODY = YES;
				CLANG_WARN_ENUM_CONVERSION = YES;
				CLANG_WARN_INT_CONVERSION = YES;
				CLANG_WARN_OBJC_ROOT_CLASS = YES_ERROR;
				CLANG_WARN__DUPLICATE_METHOD_MATCH = YES;
				"CODE_SIGN_IDENTITY[sdk=iphoneos*]" = "iPhone Developer";
				COPY_PHASE_STRIP = YES;
				ENABLE_NS_ASSERTIONS = NO;
				GCC_C_LANGUAGE_STANDARD = gnu99;
				GCC_WARN_64_TO_32_BIT_CONVERSION = YES;
				GCC_WARN_ABOUT_RETURN_TYPE = YES_ERROR;
				GCC_WARN_UNDECLARED_SELECTOR = YES;
				GCC_WARN_UNINITIALIZED_AUTOS = YES_AGGRESSIVE;
				GCC_WARN_UNUSED_FUNCTION = YES;
				GCC_WARN_UNUSED_VARIABLE = YES;
				IPHONEOS_DEPLOYMENT_TARGET = 8.0;
				OTHER_LDFLAGS = "";
				OTHER_SWIFT_FLAGS = "";
				SDKROOT = iphoneos;
				SWIFT_INCLUDE_PATHS = "";
				VALIDATE_PRODUCT = YES;
			};
			name = Release;
		};
		B12681E4193B7025004CFA09 /* Debug */ = {
			isa = XCBuildConfiguration;
			buildSettings = {
				ASSETCATALOG_COMPILER_APPICON_NAME = AppIcon;
				ASSETCATALOG_COMPILER_LAUNCHIMAGE_NAME = LaunchImage;
				CLANG_ENABLE_MODULES = YES;
				CODE_SIGN_IDENTITY = "iPhone Developer";
				GCC_PRECOMPILE_PREFIX_HEADER = NO;
				GCC_PREFIX_HEADER = "";
				INFOPLIST_FILE = "fhcc/fhcc-Info.plist";
				IPHONEOS_DEPLOYMENT_TARGET = 8.0;
				LD_RUNPATH_SEARCH_PATHS = "$(inherited) @executable_path/Frameworks";
				PRODUCT_NAME = "$(TARGET_NAME)";
				SWIFT_INSTALL_OBJC_HEADER = YES;
				SWIFT_OBJC_BRIDGING_HEADER = "fhcc-Bridging-Header.h";
				SWIFT_OPTIMIZATION_LEVEL = "-Onone";
				WRAPPER_EXTENSION = app;
			};
			name = Debug;
		};
		B12681E5193B7025004CFA09 /* Release */ = {
			isa = XCBuildConfiguration;
			buildSettings = {
				ASSETCATALOG_COMPILER_APPICON_NAME = AppIcon;
				ASSETCATALOG_COMPILER_LAUNCHIMAGE_NAME = LaunchImage;
				CLANG_ENABLE_MODULES = YES;
				CODE_SIGN_IDENTITY = "iPhone Developer";
				GCC_PRECOMPILE_PREFIX_HEADER = NO;
				GCC_PREFIX_HEADER = "";
				INFOPLIST_FILE = "fhcc/fhcc-Info.plist";
				IPHONEOS_DEPLOYMENT_TARGET = 8.0;
				LD_RUNPATH_SEARCH_PATHS = "$(inherited) @executable_path/Frameworks";
				PRODUCT_NAME = "$(TARGET_NAME)";
				SWIFT_INSTALL_OBJC_HEADER = YES;
				SWIFT_OBJC_BRIDGING_HEADER = "fhcc-Bridging-Header.h";
				WRAPPER_EXTENSION = app;
			};
			name = Release;
		};
		B12681E7193B7025004CFA09 /* Debug */ = {
			isa = XCBuildConfiguration;
			buildSettings = {
				BUNDLE_LOADER = "$(BUILT_PRODUCTS_DIR)/fhcc.app/fhcc";
				FRAMEWORK_SEARCH_PATHS = (
					"$(SDKROOT)/Developer/Library/Frameworks",
					"$(inherited)",
					"$(DEVELOPER_FRAMEWORKS_DIR)",
				);
				GCC_PRECOMPILE_PREFIX_HEADER = YES;
				GCC_PREFIX_HEADER = "fhcc/fhcc-Prefix.pch";
				GCC_PREPROCESSOR_DEFINITIONS = (
					"DEBUG=1",
					"$(inherited)",
				);
				INFOPLIST_FILE = "fhccTests/fhccTests-Info.plist";
				PRODUCT_NAME = "$(TARGET_NAME)";
				TEST_HOST = "$(BUNDLE_LOADER)";
				WRAPPER_EXTENSION = xctest;
			};
			name = Debug;
		};
		B12681E8193B7025004CFA09 /* Release */ = {
			isa = XCBuildConfiguration;
			buildSettings = {
				BUNDLE_LOADER = "$(BUILT_PRODUCTS_DIR)/fhcc.app/fhcc";
				FRAMEWORK_SEARCH_PATHS = (
					"$(SDKROOT)/Developer/Library/Frameworks",
					"$(inherited)",
					"$(DEVELOPER_FRAMEWORKS_DIR)",
				);
				GCC_PRECOMPILE_PREFIX_HEADER = YES;
				GCC_PREFIX_HEADER = "fhcc/fhcc-Prefix.pch";
				INFOPLIST_FILE = "fhccTests/fhccTests-Info.plist";
				PRODUCT_NAME = "$(TARGET_NAME)";
				TEST_HOST = "$(BUNDLE_LOADER)";
				WRAPPER_EXTENSION = xctest;
			};
			name = Release;
		};
/* End XCBuildConfiguration section */

/* Begin XCConfigurationList section */
		B12681A9193B7024004CFA09 /* Build configuration list for PBXProject "fhcc" */ = {
			isa = XCConfigurationList;
			buildConfigurations = (
				B12681E1193B7025004CFA09 /* Debug */,
				B12681E2193B7025004CFA09 /* Release */,
			);
			defaultConfigurationIsVisible = 0;
			defaultConfigurationName = Release;
		};
		B12681E3193B7025004CFA09 /* Build configuration list for PBXNativeTarget "fhcc" */ = {
			isa = XCConfigurationList;
			buildConfigurations = (
				B12681E4193B7025004CFA09 /* Debug */,
				B12681E5193B7025004CFA09 /* Release */,
			);
			defaultConfigurationIsVisible = 0;
			defaultConfigurationName = Release;
		};
		B12681E6193B7025004CFA09 /* Build configuration list for PBXNativeTarget "fhccTests" */ = {
			isa = XCConfigurationList;
			buildConfigurations = (
				B12681E7193B7025004CFA09 /* Debug */,
				B12681E8193B7025004CFA09 /* Release */,
			);
			defaultConfigurationIsVisible = 0;
			defaultConfigurationName = Release;
		};
/* End XCConfigurationList section */

/* Begin XCVersionGroup section */
		B1492F2519714D7500CA4B36 /* FHCStatus.xcdatamodeld */ = {
			isa = XCVersionGroup;
			children = (
				B1492F2619714D7500CA4B36 /* FHCStatus.xcdatamodel */,
			);
			currentVersion = B1492F2619714D7500CA4B36 /* FHCStatus.xcdatamodel */;
			path = FHCStatus.xcdatamodeld;
			sourceTree = "<group>";
			versionGroupType = wrapper.xcdatamodel;
		};
/* End XCVersionGroup section */
	};
	rootObject = B12681A6193B7024004CFA09 /* Project object */;
}
